// !$*UTF8*$!
{
	archiveVersion = 1;
	classes = {
	};
	objectVersion = 55;
	objects = {

/* Begin PBXBuildFile section */
		D92B81632850BD8200E06586 /* Tests_iOS.swift in Sources */ = {isa = PBXBuildFile; fileRef = D92B81622850BD8200E06586 /* Tests_iOS.swift */; };
		D92B81652850BD8200E06586 /* Tests_iOSLaunchTests.swift in Sources */ = {isa = PBXBuildFile; fileRef = D92B81642850BD8200E06586 /* Tests_iOSLaunchTests.swift */; };
		D92B816F2850BD8200E06586 /* Tests_macOS.swift in Sources */ = {isa = PBXBuildFile; fileRef = D92B816E2850BD8200E06586 /* Tests_macOS.swift */; };
		D92B81712850BD8200E06586 /* Tests_macOSLaunchTests.swift in Sources */ = {isa = PBXBuildFile; fileRef = D92B81702850BD8200E06586 /* Tests_macOSLaunchTests.swift */; };
		D92B81722850BD8200E06586 /* Weather_AppApp.swift in Sources */ = {isa = PBXBuildFile; fileRef = D92B814A2850BD8000E06586 /* Weather_AppApp.swift */; };
		D92B81732850BD8200E06586 /* Weather_AppApp.swift in Sources */ = {isa = PBXBuildFile; fileRef = D92B814A2850BD8000E06586 /* Weather_AppApp.swift */; };
		D92B81742850BD8200E06586 /* ContentView.swift in Sources */ = {isa = PBXBuildFile; fileRef = D92B814B2850BD8000E06586 /* ContentView.swift */; };
		D92B81752850BD8200E06586 /* ContentView.swift in Sources */ = {isa = PBXBuildFile; fileRef = D92B814B2850BD8000E06586 /* ContentView.swift */; };
		D92B81762850BD8200E06586 /* Assets.xcassets in Resources */ = {isa = PBXBuildFile; fileRef = D92B814C2850BD8200E06586 /* Assets.xcassets */; };
		D92B81772850BD8200E06586 /* Assets.xcassets in Resources */ = {isa = PBXBuildFile; fileRef = D92B814C2850BD8200E06586 /* Assets.xcassets */; };
/* End PBXBuildFile section */

/* Begin PBXContainerItemProxy section */
		D92B815F2850BD8200E06586 /* PBXContainerItemProxy */ = {
			isa = PBXContainerItemProxy;
			containerPortal = D92B81452850BD8000E06586 /* Project object */;
			proxyType = 1;
			remoteGlobalIDString = D92B81502850BD8200E06586;
			remoteInfo = "Weather App (iOS)";
		};
		D92B816B2850BD8200E06586 /* PBXContainerItemProxy */ = {
			isa = PBXContainerItemProxy;
			containerPortal = D92B81452850BD8000E06586 /* Project object */;
			proxyType = 1;
			remoteGlobalIDString = D92B81562850BD8200E06586;
			remoteInfo = "Weather App (macOS)";
		};
/* End PBXContainerItemProxy section */

/* Begin PBXFileReference section */
		D92B814A2850BD8000E06586 /* Weather_AppApp.swift */ = {isa = PBXFileReference; lastKnownFileType = sourcecode.swift; path = Weather_AppApp.swift; sourceTree = "<group>"; };
		D92B814B2850BD8000E06586 /* ContentView.swift */ = {isa = PBXFileReference; lastKnownFileType = sourcecode.swift; path = ContentView.swift; sourceTree = "<group>"; };
		D92B814C2850BD8200E06586 /* Assets.xcassets */ = {isa = PBXFileReference; lastKnownFileType = folder.assetcatalog; path = Assets.xcassets; sourceTree = "<group>"; };
		D92B81512850BD8200E06586 /* Weather App.app */ = {isa = PBXFileReference; explicitFileType = wrapper.application; includeInIndex = 0; path = "Weather App.app"; sourceTree = BUILT_PRODUCTS_DIR; };
		D92B81572850BD8200E06586 /* Weather App.app */ = {isa = PBXFileReference; explicitFileType = wrapper.application; includeInIndex = 0; path = "Weather App.app"; sourceTree = BUILT_PRODUCTS_DIR; };
		D92B81592850BD8200E06586 /* macOS.entitlements */ = {isa = PBXFileReference; lastKnownFileType = text.plist.entitlements; path = macOS.entitlements; sourceTree = "<group>"; };
		D92B815E2850BD8200E06586 /* Tests iOS.xctest */ = {isa = PBXFileReference; explicitFileType = wrapper.cfbundle; includeInIndex = 0; path = "Tests iOS.xctest"; sourceTree = BUILT_PRODUCTS_DIR; };
		D92B81622850BD8200E06586 /* Tests_iOS.swift */ = {isa = PBXFileReference; lastKnownFileType = sourcecode.swift; path = Tests_iOS.swift; sourceTree = "<group>"; };
		D92B81642850BD8200E06586 /* Tests_iOSLaunchTests.swift */ = {isa = PBXFileReference; lastKnownFileType = sourcecode.swift; path = Tests_iOSLaunchTests.swift; sourceTree = "<group>"; };
		D92B816A2850BD8200E06586 /* Tests macOS.xctest */ = {isa = PBXFileReference; explicitFileType = wrapper.cfbundle; includeInIndex = 0; path = "Tests macOS.xctest"; sourceTree = BUILT_PRODUCTS_DIR; };
		D92B816E2850BD8200E06586 /* Tests_macOS.swift */ = {isa = PBXFileReference; lastKnownFileType = sourcecode.swift; path = Tests_macOS.swift; sourceTree = "<group>"; };
		D92B81702850BD8200E06586 /* Tests_macOSLaunchTests.swift */ = {isa = PBXFileReference; lastKnownFileType = sourcecode.swift; path = Tests_macOSLaunchTests.swift; sourceTree = "<group>"; };
/* End PBXFileReference section */

/* Begin PBXFrameworksBuildPhase section */
		D92B814E2850BD8200E06586 /* Frameworks */ = {
			isa = PBXFrameworksBuildPhase;
			buildActionMask = 2147483647;
			files = (
			);
			runOnlyForDeploymentPostprocessing = 0;
		};
		D92B81542850BD8200E06586 /* Frameworks */ = {
			isa = PBXFrameworksBuildPhase;
			buildActionMask = 2147483647;
			files = (
			);
			runOnlyForDeploymentPostprocessing = 0;
		};
		D92B815B2850BD8200E06586 /* Frameworks */ = {
			isa = PBXFrameworksBuildPhase;
			buildActionMask = 2147483647;
			files = (
			);
			runOnlyForDeploymentPostprocessing = 0;
		};
		D92B81672850BD8200E06586 /* Frameworks */ = {
			isa = PBXFrameworksBuildPhase;
			buildActionMask = 2147483647;
			files = (
			);
			runOnlyForDeploymentPostprocessing = 0;
		};
/* End PBXFrameworksBuildPhase section */

/* Begin PBXGroup section */
		D92B81442850BD8000E06586 = {
			isa = PBXGroup;
			children = (
				D92B81492850BD8000E06586 /* Shared */,
				D92B81582850BD8200E06586 /* macOS */,
				D92B81612850BD8200E06586 /* Tests iOS */,
				D92B816D2850BD8200E06586 /* Tests macOS */,
				D92B81522850BD8200E06586 /* Products */,
			);
			sourceTree = "<group>";
		};
		D92B81492850BD8000E06586 /* Shared */ = {
			isa = PBXGroup;
			children = (
				D92B814A2850BD8000E06586 /* Weather_AppApp.swift */,
				D92B814B2850BD8000E06586 /* ContentView.swift */,
				D92B814C2850BD8200E06586 /* Assets.xcassets */,
			);
			path = Shared;
			sourceTree = "<group>";
		};
		D92B81522850BD8200E06586 /* Products */ = {
			isa = PBXGroup;
			children = (
				D92B81512850BD8200E06586 /* Weather App.app */,
				D92B81572850BD8200E06586 /* Weather App.app */,
				D92B815E2850BD8200E06586 /* Tests iOS.xctest */,
				D92B816A2850BD8200E06586 /* Tests macOS.xctest */,
			);
			name = Products;
			sourceTree = "<group>";
		};
		D92B81582850BD8200E06586 /* macOS */ = {
			isa = PBXGroup;
			children = (
				D92B81592850BD8200E06586 /* macOS.entitlements */,
			);
			path = macOS;
			sourceTree = "<group>";
		};
		D92B81612850BD8200E06586 /* Tests iOS */ = {
			isa = PBXGroup;
			children = (
				D92B81622850BD8200E06586 /* Tests_iOS.swift */,
				D92B81642850BD8200E06586 /* Tests_iOSLaunchTests.swift */,
			);
			path = "Tests iOS";
			sourceTree = "<group>";
		};
		D92B816D2850BD8200E06586 /* Tests macOS */ = {
			isa = PBXGroup;
			children = (
				D92B816E2850BD8200E06586 /* Tests_macOS.swift */,
				D92B81702850BD8200E06586 /* Tests_macOSLaunchTests.swift */,
			);
			path = "Tests macOS";
			sourceTree = "<group>";
		};
/* End PBXGroup section */

/* Begin PBXNativeTarget section */
		D92B81502850BD8200E06586 /* Weather App (iOS) */ = {
			isa = PBXNativeTarget;
			buildConfigurationList = D92B817A2850BD8200E06586 /* Build configuration list for PBXNativeTarget "Weather App (iOS)" */;
			buildPhases = (
				D92B814D2850BD8200E06586 /* Sources */,
				D92B814E2850BD8200E06586 /* Frameworks */,
				D92B814F2850BD8200E06586 /* Resources */,
			);
			buildRules = (
			);
			dependencies = (
			);
			name = "Weather App (iOS)";
			productName = "Weather App (iOS)";
			productReference = D92B81512850BD8200E06586 /* Weather App.app */;
			productType = "com.apple.product-type.application";
		};
		D92B81562850BD8200E06586 /* Weather App (macOS) */ = {
			isa = PBXNativeTarget;
			buildConfigurationList = D92B817D2850BD8200E06586 /* Build configuration list for PBXNativeTarget "Weather App (macOS)" */;
			buildPhases = (
				D92B81532850BD8200E06586 /* Sources */,
				D92B81542850BD8200E06586 /* Frameworks */,
				D92B81552850BD8200E06586 /* Resources */,
			);
			buildRules = (
			);
			dependencies = (
			);
			name = "Weather App (macOS)";
			productName = "Weather App (macOS)";
			productReference = D92B81572850BD8200E06586 /* Weather App.app */;
			productType = "com.apple.product-type.application";
		};
		D92B815D2850BD8200E06586 /* Tests iOS */ = {
			isa = PBXNativeTarget;
			buildConfigurationList = D92B81802850BD8200E06586 /* Build configuration list for PBXNativeTarget "Tests iOS" */;
			buildPhases = (
				D92B815A2850BD8200E06586 /* Sources */,
				D92B815B2850BD8200E06586 /* Frameworks */,
				D92B815C2850BD8200E06586 /* Resources */,
			);
			buildRules = (
			);
			dependencies = (
				D92B81602850BD8200E06586 /* PBXTargetDependency */,
			);
			name = "Tests iOS";
			productName = "Tests iOS";
			productReference = D92B815E2850BD8200E06586 /* Tests iOS.xctest */;
			productType = "com.apple.product-type.bundle.ui-testing";
		};
		D92B81692850BD8200E06586 /* Tests macOS */ = {
			isa = PBXNativeTarget;
			buildConfigurationList = D92B81832850BD8200E06586 /* Build configuration list for PBXNativeTarget "Tests macOS" */;
			buildPhases = (
				D92B81662850BD8200E06586 /* Sources */,
				D92B81672850BD8200E06586 /* Frameworks */,
				D92B81682850BD8200E06586 /* Resources */,
			);
			buildRules = (
			);
			dependencies = (
				D92B816C2850BD8200E06586 /* PBXTargetDependency */,
			);
			name = "Tests macOS";
			productName = "Tests macOS";
			productReference = D92B816A2850BD8200E06586 /* Tests macOS.xctest */;
			productType = "com.apple.product-type.bundle.ui-testing";
		};
/* End PBXNativeTarget section */

/* Begin PBXProject section */
		D92B81452850BD8000E06586 /* Project object */ = {
			isa = PBXProject;
			attributes = {
				BuildIndependentTargetsInParallel = 1;
				LastSwiftUpdateCheck = 1340;
				LastUpgradeCheck = 1340;
				TargetAttributes = {
					D92B81502850BD8200E06586 = {
						CreatedOnToolsVersion = 13.4.1;
					};
					D92B81562850BD8200E06586 = {
						CreatedOnToolsVersion = 13.4.1;
					};
					D92B815D2850BD8200E06586 = {
						CreatedOnToolsVersion = 13.4.1;
						TestTargetID = D92B81502850BD8200E06586;
					};
					D92B81692850BD8200E06586 = {
						CreatedOnToolsVersion = 13.4.1;
						TestTargetID = D92B81562850BD8200E06586;
					};
				};
			};
			buildConfigurationList = D92B81482850BD8000E06586 /* Build configuration list for PBXProject "Weather App" */;
			compatibilityVersion = "Xcode 13.0";
			developmentRegion = en;
			hasScannedForEncodings = 0;
			knownRegions = (
				en,
				Base,
			);
			mainGroup = D92B81442850BD8000E06586;
			productRefGroup = D92B81522850BD8200E06586 /* Products */;
			projectDirPath = "";
			projectRoot = "";
			targets = (
				D92B81502850BD8200E06586 /* Weather App (iOS) */,
				D92B81562850BD8200E06586 /* Weather App (macOS) */,
				D92B815D2850BD8200E06586 /* Tests iOS */,
				D92B81692850BD8200E06586 /* Tests macOS */,
			);
		};
/* End PBXProject section */

/* Begin PBXResourcesBuildPhase section */
		D92B814F2850BD8200E06586 /* Resources */ = {
			isa = PBXResourcesBuildPhase;
			buildActionMask = 2147483647;
			files = (
				D92B81762850BD8200E06586 /* Assets.xcassets in Resources */,
			);
			runOnlyForDeploymentPostprocessing = 0;
		};
		D92B81552850BD8200E06586 /* Resources */ = {
			isa = PBXResourcesBuildPhase;
			buildActionMask = 2147483647;
			files = (
				D92B81772850BD8200E06586 /* Assets.xcassets in Resources */,
			);
			runOnlyForDeploymentPostprocessing = 0;
		};
		D92B815C2850BD8200E06586 /* Resources */ = {
			isa = PBXResourcesBuildPhase;
			buildActionMask = 2147483647;
			files = (
			);
			runOnlyForDeploymentPostprocessing = 0;
		};
		D92B81682850BD8200E06586 /* Resources */ = {
			isa = PBXResourcesBuildPhase;
			buildActionMask = 2147483647;
			files = (
			);
			runOnlyForDeploymentPostprocessing = 0;
		};
/* End PBXResourcesBuildPhase section */

/* Begin PBXSourcesBuildPhase section */
		D92B814D2850BD8200E06586 /* Sources */ = {
			isa = PBXSourcesBuildPhase;
			buildActionMask = 2147483647;
			files = (
				D92B81742850BD8200E06586 /* ContentView.swift in Sources */,
				D92B81722850BD8200E06586 /* Weather_AppApp.swift in Sources */,
			);
			runOnlyForDeploymentPostprocessing = 0;
		};
		D92B81532850BD8200E06586 /* Sources */ = {
			isa = PBXSourcesBuildPhase;
			buildActionMask = 2147483647;
			files = (
				D92B81752850BD8200E06586 /* ContentView.swift in Sources */,
				D92B81732850BD8200E06586 /* Weather_AppApp.swift in Sources */,
			);
			runOnlyForDeploymentPostprocessing = 0;
		};
		D92B815A2850BD8200E06586 /* Sources */ = {
			isa = PBXSourcesBuildPhase;
			buildActionMask = 2147483647;
			files = (
				D92B81652850BD8200E06586 /* Tests_iOSLaunchTests.swift in Sources */,
				D92B81632850BD8200E06586 /* Tests_iOS.swift in Sources */,
			);
			runOnlyForDeploymentPostprocessing = 0;
		};
		D92B81662850BD8200E06586 /* Sources */ = {
			isa = PBXSourcesBuildPhase;
			buildActionMask = 2147483647;
			files = (
				D92B81712850BD8200E06586 /* Tests_macOSLaunchTests.swift in Sources */,
				D92B816F2850BD8200E06586 /* Tests_macOS.swift in Sources */,
			);
			runOnlyForDeploymentPostprocessing = 0;
		};
/* End PBXSourcesBuildPhase section */

/* Begin PBXTargetDependency section */
		D92B81602850BD8200E06586 /* PBXTargetDependency */ = {
			isa = PBXTargetDependency;
			target = D92B81502850BD8200E06586 /* Weather App (iOS) */;
			targetProxy = D92B815F2850BD8200E06586 /* PBXContainerItemProxy */;
		};
		D92B816C2850BD8200E06586 /* PBXTargetDependency */ = {
			isa = PBXTargetDependency;
			target = D92B81562850BD8200E06586 /* Weather App (macOS) */;
			targetProxy = D92B816B2850BD8200E06586 /* PBXContainerItemProxy */;
		};
/* End PBXTargetDependency section */

/* Begin XCBuildConfiguration section */
		D92B81782850BD8200E06586 /* Debug */ = {
			isa = XCBuildConfiguration;
			buildSettings = {
				ALWAYS_SEARCH_USER_PATHS = NO;
				CLANG_ANALYZER_NONNULL = YES;
				CLANG_ANALYZER_NUMBER_OBJECT_CONVERSION = YES_AGGRESSIVE;
				CLANG_CXX_LANGUAGE_STANDARD = "gnu++17";
				CLANG_ENABLE_MODULES = YES;
				CLANG_ENABLE_OBJC_ARC = YES;
				CLANG_ENABLE_OBJC_WEAK = YES;
				CLANG_WARN_BLOCK_CAPTURE_AUTORELEASING = YES;
				CLANG_WARN_BOOL_CONVERSION = YES;
				CLANG_WARN_COMMA = YES;
				CLANG_WARN_CONSTANT_CONVERSION = YES;
				CLANG_WARN_DEPRECATED_OBJC_IMPLEMENTATIONS = YES;
				CLANG_WARN_DIRECT_OBJC_ISA_USAGE = YES_ERROR;
				CLANG_WARN_DOCUMENTATION_COMMENTS = YES;
				CLANG_WARN_EMPTY_BODY = YES;
				CLANG_WARN_ENUM_CONVERSION = YES;
				CLANG_WARN_INFINITE_RECURSION = YES;
				CLANG_WARN_INT_CONVERSION = YES;
				CLANG_WARN_NON_LITERAL_NULL_CONVERSION = YES;
				CLANG_WARN_OBJC_IMPLICIT_RETAIN_SELF = YES;
				CLANG_WARN_OBJC_LITERAL_CONVERSION = YES;
				CLANG_WARN_OBJC_ROOT_CLASS = YES_ERROR;
				CLANG_WARN_QUOTED_INCLUDE_IN_FRAMEWORK_HEADER = YES;
				CLANG_WARN_RANGE_LOOP_ANALYSIS = YES;
				CLANG_WARN_STRICT_PROTOTYPES = YES;
				CLANG_WARN_SUSPICIOUS_MOVE = YES;
				CLANG_WARN_UNGUARDED_AVAILABILITY = YES_AGGRESSIVE;
				CLANG_WARN_UNREACHABLE_CODE = YES;
				CLANG_WARN__DUPLICATE_METHOD_MATCH = YES;
				COPY_PHASE_STRIP = NO;
				DEBUG_INFORMATION_FORMAT = dwarf;
				ENABLE_STRICT_OBJC_MSGSEND = YES;
				ENABLE_TESTABILITY = YES;
				GCC_C_LANGUAGE_STANDARD = gnu11;
				GCC_DYNAMIC_NO_PIC = NO;
				GCC_NO_COMMON_BLOCKS = YES;
				GCC_OPTIMIZATION_LEVEL = 0;
				GCC_PREPROCESSOR_DEFINITIONS = (
					"DEBUG=1",
					"$(inherited)",
				);
				GCC_WARN_64_TO_32_BIT_CONVERSION = YES;
				GCC_WARN_ABOUT_RETURN_TYPE = YES_ERROR;
				GCC_WARN_UNDECLARED_SELECTOR = YES;
				GCC_WARN_UNINITIALIZED_AUTOS = YES_AGGRESSIVE;
				GCC_WARN_UNUSED_FUNCTION = YES;
				GCC_WARN_UNUSED_VARIABLE = YES;
				MTL_ENABLE_DEBUG_INFO = INCLUDE_SOURCE;
				MTL_FAST_MATH = YES;
				ONLY_ACTIVE_ARCH = YES;
				SWIFT_ACTIVE_COMPILATION_CONDITIONS = DEBUG;
				SWIFT_OPTIMIZATION_LEVEL = "-Onone";
			};
			name = Debug;
		};
		D92B81792850BD8200E06586 /* Release */ = {
			isa = XCBuildConfiguration;
			buildSettings = {
				ALWAYS_SEARCH_USER_PATHS = NO;
				CLANG_ANALYZER_NONNULL = YES;
				CLANG_ANALYZER_NUMBER_OBJECT_CONVERSION = YES_AGGRESSIVE;
				CLANG_CXX_LANGUAGE_STANDARD = "gnu++17";
				CLANG_ENABLE_MODULES = YES;
				CLANG_ENABLE_OBJC_ARC = YES;
				CLANG_ENABLE_OBJC_WEAK = YES;
				CLANG_WARN_BLOCK_CAPTURE_AUTORELEASING = YES;
				CLANG_WARN_BOOL_CONVERSION = YES;
				CLANG_WARN_COMMA = YES;
				CLANG_WARN_CONSTANT_CONVERSION = YES;
				CLANG_WARN_DEPRECATED_OBJC_IMPLEMENTATIONS = YES;
				CLANG_WARN_DIRECT_OBJC_ISA_USAGE = YES_ERROR;
				CLANG_WARN_DOCUMENTATION_COMMENTS = YES;
				CLANG_WARN_EMPTY_BODY = YES;
				CLANG_WARN_ENUM_CONVERSION = YES;
				CLANG_WARN_INFINITE_RECURSION = YES;
				CLANG_WARN_INT_CONVERSION = YES;
				CLANG_WARN_NON_LITERAL_NULL_CONVERSION = YES;
				CLANG_WARN_OBJC_IMPLICIT_RETAIN_SELF = YES;
				CLANG_WARN_OBJC_LITERAL_CONVERSION = YES;
				CLANG_WARN_OBJC_ROOT_CLASS = YES_ERROR;
				CLANG_WARN_QUOTED_INCLUDE_IN_FRAMEWORK_HEADER = YES;
				CLANG_WARN_RANGE_LOOP_ANALYSIS = YES;
				CLANG_WARN_STRICT_PROTOTYPES = YES;
				CLANG_WARN_SUSPICIOUS_MOVE = YES;
				CLANG_WARN_UNGUARDED_AVAILABILITY = YES_AGGRESSIVE;
				CLANG_WARN_UNREACHABLE_CODE = YES;
				CLANG_WARN__DUPLICATE_METHOD_MATCH = YES;
				COPY_PHASE_STRIP = NO;
				DEBUG_INFORMATION_FORMAT = "dwarf-with-dsym";
				ENABLE_NS_ASSERTIONS = NO;
				ENABLE_STRICT_OBJC_MSGSEND = YES;
				GCC_C_LANGUAGE_STANDARD = gnu11;
				GCC_NO_COMMON_BLOCKS = YES;
				GCC_WARN_64_TO_32_BIT_CONVERSION = YES;
				GCC_WARN_ABOUT_RETURN_TYPE = YES_ERROR;
				GCC_WARN_UNDECLARED_SELECTOR = YES;
				GCC_WARN_UNINITIALIZED_AUTOS = YES_AGGRESSIVE;
				GCC_WARN_UNUSED_FUNCTION = YES;
				GCC_WARN_UNUSED_VARIABLE = YES;
				MTL_ENABLE_DEBUG_INFO = NO;
				MTL_FAST_MATH = YES;
				SWIFT_COMPILATION_MODE = wholemodule;
				SWIFT_OPTIMIZATION_LEVEL = "-O";
			};
			name = Release;
		};
		D92B817B2850BD8200E06586 /* Debug */ = {
			isa = XCBuildConfiguration;
			buildSettings = {
				ASSETCATALOG_COMPILER_APPICON_NAME = AppIcon;
				ASSETCATALOG_COMPILER_GLOBAL_ACCENT_COLOR_NAME = AccentColor;
				CODE_SIGN_STYLE = Automatic;
				CURRENT_PROJECT_VERSION = 1;
				DEVELOPMENT_TEAM = QFQUB7JM76;
				ENABLE_PREVIEWS = YES;
				GENERATE_INFOPLIST_FILE = YES;
				INFOPLIST_KEY_UIApplicationSceneManifest_Generation = YES;
				INFOPLIST_KEY_UIApplicationSupportsIndirectInputEvents = YES;
				INFOPLIST_KEY_UILaunchScreen_Generation = YES;
				INFOPLIST_KEY_UISupportedInterfaceOrientations_iPad = "UIInterfaceOrientationPortrait UIInterfaceOrientationPortraitUpsideDown UIInterfaceOrientationLandscapeLeft UIInterfaceOrientationLandscapeRight";
				INFOPLIST_KEY_UISupportedInterfaceOrientations_iPhone = "UIInterfaceOrientationPortrait UIInterfaceOrientationLandscapeLeft UIInterfaceOrientationLandscapeRight";
				IPHONEOS_DEPLOYMENT_TARGET = 15.5;
				LD_RUNPATH_SEARCH_PATHS = (
					"$(inherited)",
					"@executable_path/Frameworks",
				);
				MARKETING_VERSION = 1.0;
				PRODUCT_BUNDLE_IDENTIFIER = "batra.Weather-App";
				PRODUCT_NAME = "Weather App";
				SDKROOT = iphoneos;
				SWIFT_EMIT_LOC_STRINGS = YES;
				SWIFT_VERSION = 5.0;
				TARGETED_DEVICE_FAMILY = "1,2";
			};
			name = Debug;
		};
		D92B817C2850BD8200E06586 /* Release */ = {
			isa = XCBuildConfiguration;
			buildSettings = {
				ASSETCATALOG_COMPILER_APPICON_NAME = AppIcon;
				ASSETCATALOG_COMPILER_GLOBAL_ACCENT_COLOR_NAME = AccentColor;
				CODE_SIGN_STYLE = Automatic;
				CURRENT_PROJECT_VERSION = 1;
				DEVELOPMENT_TEAM = QFQUB7JM76;
				ENABLE_PREVIEWS = YES;
				GENERATE_INFOPLIST_FILE = YES;
				INFOPLIST_KEY_UIApplicationSceneManifest_Generation = YES;
				INFOPLIST_KEY_UIApplicationSupportsIndirectInputEvents = YES;
				INFOPLIST_KEY_UILaunchScreen_Generation = YES;
				INFOPLIST_KEY_UISupportedInterfaceOrientations_iPad = "UIInterfaceOrientationPortrait UIInterfaceOrientationPortraitUpsideDown UIInterfaceOrientationLandscapeLeft UIInterfaceOrientationLandscapeRight";
				INFOPLIST_KEY_UISupportedInterfaceOrientations_iPhone = "UIInterfaceOrientationPortrait UIInterfaceOrientationLandscapeLeft UIInterfaceOrientationLandscapeRight";
				IPHONEOS_DEPLOYMENT_TARGET = 15.5;
				LD_RUNPATH_SEARCH_PATHS = (
					"$(inherited)",
					"@executable_path/Frameworks",
				);
				MARKETING_VERSION = 1.0;
				PRODUCT_BUNDLE_IDENTIFIER = "batra.Weather-App";
				PRODUCT_NAME = "Weather App";
				SDKROOT = iphoneos;
				SWIFT_EMIT_LOC_STRINGS = YES;
				SWIFT_VERSION = 5.0;
				TARGETED_DEVICE_FAMILY = "1,2";
				VALIDATE_PRODUCT = YES;
			};
			name = Release;
		};
		D92B817E2850BD8200E06586 /* Debug */ = {
			isa = XCBuildConfiguration;
			buildSettings = {
				ASSETCATALOG_COMPILER_APPICON_NAME = AppIcon;
				ASSETCATALOG_COMPILER_GLOBAL_ACCENT_COLOR_NAME = AccentColor;
				CODE_SIGN_ENTITLEMENTS = macOS/macOS.entitlements;
				CODE_SIGN_STYLE = Automatic;
				COMBINE_HIDPI_IMAGES = YES;
				CURRENT_PROJECT_VERSION = 1;
				DEVELOPMENT_TEAM = QFQUB7JM76;
				ENABLE_HARDENED_RUNTIME = YES;
				ENABLE_PREVIEWS = YES;
				GENERATE_INFOPLIST_FILE = YES;
				INFOPLIST_KEY_NSHumanReadableCopyright = "";
				LD_RUNPATH_SEARCH_PATHS = (
					"$(inherited)",
					"@executable_path/../Frameworks",
				);
				MACOSX_DEPLOYMENT_TARGET = 12.3;
				MARKETING_VERSION = 1.0;
				PRODUCT_BUNDLE_IDENTIFIER = "batra.Weather-App";
				PRODUCT_NAME = "Weather App";
				SDKROOT = macosx;
				SWIFT_EMIT_LOC_STRINGS = YES;
				SWIFT_VERSION = 5.0;
			};
			name = Debug;
		};
		D92B817F2850BD8200E06586 /* Release */ = {
			isa = XCBuildConfiguration;
			buildSettings = {
				ASSETCATALOG_COMPILER_APPICON_NAME = AppIcon;
				ASSETCATALOG_COMPILER_GLOBAL_ACCENT_COLOR_NAME = AccentColor;
				CODE_SIGN_ENTITLEMENTS = macOS/macOS.entitlements;
				CODE_SIGN_STYLE = Automatic;
				COMBINE_HIDPI_IMAGES = YES;
				CURRENT_PROJECT_VERSION = 1;
				DEVELOPMENT_TEAM = QFQUB7JM76;
				ENABLE_HARDENED_RUNTIME = YES;
				ENABLE_PREVIEWS = YES;
				GENERATE_INFOPLIST_FILE = YES;
				INFOPLIST_KEY_NSHumanReadableCopyright = "";
				LD_RUNPATH_SEARCH_PATHS = (
					"$(inherited)",
					"@executable_path/../Frameworks",
				);
				MACOSX_DEPLOYMENT_TARGET = 12.3;
				MARKETING_VERSION = 1.0;
				PRODUCT_BUNDLE_IDENTIFIER = "batra.Weather-App";
				PRODUCT_NAME = "Weather App";
				SDKROOT = macosx;
				SWIFT_EMIT_LOC_STRINGS = YES;
				SWIFT_VERSION = 5.0;
			};
			name = Release;
		};
		D92B81812850BD8200E06586 /* Debug */ = {
			isa = XCBuildConfiguration;
			buildSettings = {
				ALWAYS_EMBED_SWIFT_STANDARD_LIBRARIES = YES;
				CODE_SIGN_STYLE = Automatic;
				CURRENT_PROJECT_VERSION = 1;
				DEVELOPMENT_TEAM = QFQUB7JM76;
				GENERATE_INFOPLIST_FILE = YES;
				IPHONEOS_DEPLOYMENT_TARGET = 15.5;
				MARKETING_VERSION = 1.0;
				PRODUCT_BUNDLE_IDENTIFIER = "batra.Tests-iOS";
				PRODUCT_NAME = "$(TARGET_NAME)";
				SDKROOT = iphoneos;
				SWIFT_EMIT_LOC_STRINGS = NO;
				SWIFT_VERSION = 5.0;
				TARGETED_DEVICE_FAMILY = "1,2";
				TEST_TARGET_NAME = "Weather App (iOS)";
			};
			name = Debug;
		};
		D92B81822850BD8200E06586 /* Release */ = {
			isa = XCBuildConfiguration;
			buildSettings = {
				ALWAYS_EMBED_SWIFT_STANDARD_LIBRARIES = YES;
				CODE_SIGN_STYLE = Automatic;
				CURRENT_PROJECT_VERSION = 1;
				DEVELOPMENT_TEAM = QFQUB7JM76;
				GENERATE_INFOPLIST_FILE = YES;
				IPHONEOS_DEPLOYMENT_TARGET = 15.5;
				MARKETING_VERSION = 1.0;
				PRODUCT_BUNDLE_IDENTIFIER = "batra.Tests-iOS";
				PRODUCT_NAME = "$(TARGET_NAME)";
				SDKROOT = iphoneos;
				SWIFT_EMIT_LOC_STRINGS = NO;
				SWIFT_VERSION = 5.0;
				TARGETED_DEVICE_FAMILY = "1,2";
				TEST_TARGET_NAME = "Weather App (iOS)";
				VALIDATE_PRODUCT = YES;
			};
			name = Release;
		};
		D92B81842850BD8200E06586 /* Debug */ = {
			isa = XCBuildConfiguration;
			buildSettings = {
				ALWAYS_EMBED_SWIFT_STANDARD_LIBRARIES = YES;
				CODE_SIGN_STYLE = Automatic;
				CURRENT_PROJECT_VERSION = 1;
				DEVELOPMENT_TEAM = QFQUB7JM76;
				GENERATE_INFOPLIST_FILE = YES;
				MACOSX_DEPLOYMENT_TARGET = 12.3;
				MARKETING_VERSION = 1.0;
				PRODUCT_BUNDLE_IDENTIFIER = "batra.Tests-macOS";
				PRODUCT_NAME = "$(TARGET_NAME)";
				SDKROOT = macosx;
				SWIFT_EMIT_LOC_STRINGS = NO;
				SWIFT_VERSION = 5.0;
				TEST_TARGET_NAME = "Weather App (macOS)";
			};
			name = Debug;
		};
		D92B81852850BD8200E06586 /* Release */ = {
			isa = XCBuildConfiguration;
			buildSettings = {
				ALWAYS_EMBED_SWIFT_STANDARD_LIBRARIES = YES;
				CODE_SIGN_STYLE = Automatic;
				CURRENT_PROJECT_VERSION = 1;
				DEVELOPMENT_TEAM = QFQUB7JM76;
				GENERATE_INFOPLIST_FILE = YES;
				MACOSX_DEPLOYMENT_TARGET = 12.3;
				MARKETING_VERSION = 1.0;
				PRODUCT_BUNDLE_IDENTIFIER = "batra.Tests-macOS";
				PRODUCT_NAME = "$(TARGET_NAME)";
				SDKROOT = macosx;
				SWIFT_EMIT_LOC_STRINGS = NO;
				SWIFT_VERSION = 5.0;
				TEST_TARGET_NAME = "Weather App (macOS)";
			};
			name = Release;
		};
/* End XCBuildConfiguration section */

/* Begin XCConfigurationList section */
		D92B81482850BD8000E06586 /* Build configuration list for PBXProject "Weather App" */ = {
			isa = XCConfigurationList;
			buildConfigurations = (
				D92B81782850BD8200E06586 /* Debug */,
				D92B81792850BD8200E06586 /* Release */,
			);
			defaultConfigurationIsVisible = 0;
			defaultConfigurationName = Release;
		};
		D92B817A2850BD8200E06586 /* Build configuration list for PBXNativeTarget "Weather App (iOS)" */ = {
			isa = XCConfigurationList;
			buildConfigurations = (
				D92B817B2850BD8200E06586 /* Debug */,
				D92B817C2850BD8200E06586 /* Release */,
			);
			defaultConfigurationIsVisible = 0;
			defaultConfigurationName = Release;
		};
		D92B817D2850BD8200E06586 /* Build configuration list for PBXNativeTarget "Weather App (macOS)" */ = {
			isa = XCConfigurationList;
			buildConfigurations = (
				D92B817E2850BD8200E06586 /* Debug */,
				D92B817F2850BD8200E06586 /* Release */,
			);
			defaultConfigurationIsVisible = 0;
			defaultConfigurationName = Release;
		};
		D92B81802850BD8200E06586 /* Build configuration list for PBXNativeTarget "Tests iOS" */ = {
			isa = XCConfigurationList;
			buildConfigurations = (
				D92B81812850BD8200E06586 /* Debug */,
				D92B81822850BD8200E06586 /* Release */,
			);
			defaultConfigurationIsVisible = 0;
			defaultConfigurationName = Release;
		};
		D92B81832850BD8200E06586 /* Build configuration list for PBXNativeTarget "Tests macOS" */ = {
			isa = XCConfigurationList;
			buildConfigurations = (
				D92B81842850BD8200E06586 /* Debug */,
				D92B81852850BD8200E06586 /* Release */,
			);
			defaultConfigurationIsVisible = 0;
			defaultConfigurationName = Release;
		};
/* End XCConfigurationList section */
	};
	rootObject = D92B81452850BD8000E06586 /* Project object */;
}
